// !$*UTF8*$!
{
	archiveVersion = 1;
	classes = {
	};
	objectVersion = 56;
	objects = {

/* Begin PBXBuildFile section */
		36C20F4D2C75E22400495D8F /* AppDelegate.swift in Sources */ = {isa = PBXBuildFile; fileRef = 36C20F4C2C75E22400495D8F /* AppDelegate.swift */; };
		36C20F4F2C75E22400495D8F /* SceneDelegate.swift in Sources */ = {isa = PBXBuildFile; fileRef = 36C20F4E2C75E22400495D8F /* SceneDelegate.swift */; };
		36C20F512C75E22400495D8F /* CalculateVC.swift in Sources */ = {isa = PBXBuildFile; fileRef = 36C20F502C75E22400495D8F /* CalculateVC.swift */; };
		36C20F542C75E22400495D8F /* Base in Resources */ = {isa = PBXBuildFile; fileRef = 36C20F532C75E22400495D8F /* Base */; };
		36C20F562C75E22500495D8F /* Assets.xcassets in Resources */ = {isa = PBXBuildFile; fileRef = 36C20F552C75E22500495D8F /* Assets.xcassets */; };
		36C20F592C75E22500495D8F /* Base in Resources */ = {isa = PBXBuildFile; fileRef = 36C20F582C75E22500495D8F /* Base */; };
		36C20F612C75E26E00495D8F /* ResultVC.swift in Sources */ = {isa = PBXBuildFile; fileRef = 36C20F602C75E26E00495D8F /* ResultVC.swift */; };
		36C20F652C75E40000495D8F /* CalculatorBrain.swift in Sources */ = {isa = PBXBuildFile; fileRef = 36C20F642C75E40000495D8F /* CalculatorBrain.swift */; };
		36C20F672C75E40A00495D8F /* BMI.swift in Sources */ = {isa = PBXBuildFile; fileRef = 36C20F662C75E40A00495D8F /* BMI.swift */; };
/* End PBXBuildFile section */

/* Begin PBXFileReference section */
		36C20F492C75E22400495D8F /* BMI.app */ = {isa = PBXFileReference; explicitFileType = wrapper.application; includeInIndex = 0; path = BMI.app; sourceTree = BUILT_PRODUCTS_DIR; };
		36C20F4C2C75E22400495D8F /* AppDelegate.swift */ = {isa = PBXFileReference; lastKnownFileType = sourcecode.swift; path = AppDelegate.swift; sourceTree = "<group>"; };
		36C20F4E2C75E22400495D8F /* SceneDelegate.swift */ = {isa = PBXFileReference; lastKnownFileType = sourcecode.swift; path = SceneDelegate.swift; sourceTree = "<group>"; };
		36C20F502C75E22400495D8F /* CalculateVC.swift */ = {isa = PBXFileReference; lastKnownFileType = sourcecode.swift; path = CalculateVC.swift; sourceTree = "<group>"; };
		36C20F532C75E22400495D8F /* Base */ = {isa = PBXFileReference; lastKnownFileType = file.storyboard; name = Base; path = Base.lproj/Main.storyboard; sourceTree = "<group>"; };
		36C20F552C75E22500495D8F /* Assets.xcassets */ = {isa = PBXFileReference; lastKnownFileType = folder.assetcatalog; path = Assets.xcassets; sourceTree = "<group>"; };
		36C20F582C75E22500495D8F /* Base */ = {isa = PBXFileReference; lastKnownFileType = file.storyboard; name = Base; path = Base.lproj/LaunchScreen.storyboard; sourceTree = "<group>"; };
		36C20F5A2C75E22500495D8F /* Info.plist */ = {isa = PBXFileReference; lastKnownFileType = text.plist.xml; path = Info.plist; sourceTree = "<group>"; };
		36C20F602C75E26E00495D8F /* ResultVC.swift */ = {isa = PBXFileReference; lastKnownFileType = sourcecode.swift; path = ResultVC.swift; sourceTree = "<group>"; };
		36C20F642C75E40000495D8F /* CalculatorBrain.swift */ = {isa = PBXFileReference; lastKnownFileType = sourcecode.swift; path = CalculatorBrain.swift; sourceTree = "<group>"; };
		36C20F662C75E40A00495D8F /* BMI.swift */ = {isa = PBXFileReference; lastKnownFileType = sourcecode.swift; path = BMI.swift; sourceTree = "<group>"; };
/* End PBXFileReference section */

/* Begin PBXFrameworksBuildPhase section */
		36C20F462C75E22400495D8F /* Frameworks */ = {
			isa = PBXFrameworksBuildPhase;
			buildActionMask = 2147483647;
			files = (
			);
			runOnlyForDeploymentPostprocessing = 0;
		};
/* End PBXFrameworksBuildPhase section */

/* Begin PBXGroup section */
		36C20F402C75E22400495D8F = {
			isa = PBXGroup;
			children = (
				36C20F4B2C75E22400495D8F /* BMI */,
				36C20F4A2C75E22400495D8F /* Products */,
			);
			sourceTree = "<group>";
		};
		36C20F4A2C75E22400495D8F /* Products */ = {
			isa = PBXGroup;
			children = (
				36C20F492C75E22400495D8F /* BMI.app */,
			);
			name = Products;
			sourceTree = "<group>";
		};
		36C20F4B2C75E22400495D8F /* BMI */ = {
			isa = PBXGroup;
			children = (
				36C20F4C2C75E22400495D8F /* AppDelegate.swift */,
				36C20F4E2C75E22400495D8F /* SceneDelegate.swift */,
				36C20F682C75E41500495D8F /* Model */,
				36C20F632C75E3D300495D8F /* View */,
				36C20F622C75E3C700495D8F /* Controller */,
				36C20F552C75E22500495D8F /* Assets.xcassets */,
				36C20F572C75E22500495D8F /* LaunchScreen.storyboard */,
				36C20F5A2C75E22500495D8F /* Info.plist */,
			);
			path = BMI;
			sourceTree = "<group>";
		};
		36C20F622C75E3C700495D8F /* Controller */ = {
			isa = PBXGroup;
			children = (
				36C20F502C75E22400495D8F /* CalculateVC.swift */,
				36C20F602C75E26E00495D8F /* ResultVC.swift */,
			);
			path = Controller;
			sourceTree = "<group>";
		};
		36C20F632C75E3D300495D8F /* View */ = {
			isa = PBXGroup;
			children = (
				36C20F522C75E22400495D8F /* Main.storyboard */,
			);
			path = View;
			sourceTree = "<group>";
		};
		36C20F682C75E41500495D8F /* Model */ = {
			isa = PBXGroup;
			children = (
				36C20F642C75E40000495D8F /* CalculatorBrain.swift */,
				36C20F662C75E40A00495D8F /* BMI.swift */,
			);
			path = Model;
			sourceTree = "<group>";
		};
/* End PBXGroup section */

/* Begin PBXNativeTarget section */
		36C20F482C75E22400495D8F /* BMI */ = {
			isa = PBXNativeTarget;
			buildConfigurationList = 36C20F5D2C75E22500495D8F /* Build configuration list for PBXNativeTarget "BMI" */;
			buildPhases = (
				36C20F452C75E22400495D8F /* Sources */,
				36C20F462C75E22400495D8F /* Frameworks */,
				36C20F472C75E22400495D8F /* Resources */,
			);
			buildRules = (
			);
			dependencies = (
			);
			name = BMI;
			productName = BMI;
			productReference = 36C20F492C75E22400495D8F /* BMI.app */;
			productType = "com.apple.product-type.application";
		};
/* End PBXNativeTarget section */

/* Begin PBXProject section */
		36C20F412C75E22400495D8F /* Project object */ = {
			isa = PBXProject;
			attributes = {
				BuildIndependentTargetsInParallel = 1;
				LastSwiftUpdateCheck = 1540;
				LastUpgradeCheck = 1540;
				TargetAttributes = {
					36C20F482C75E22400495D8F = {
						CreatedOnToolsVersion = 15.4;
					};
				};
			};
			buildConfigurationList = 36C20F442C75E22400495D8F /* Build configuration list for PBXProject "BMI" */;
			compatibilityVersion = "Xcode 14.0";
			developmentRegion = en;
			hasScannedForEncodings = 0;
			knownRegions = (
				en,
				Base,
			);
			mainGroup = 36C20F402C75E22400495D8F;
			productRefGroup = 36C20F4A2C75E22400495D8F /* Products */;
			projectDirPath = "";
			projectRoot = "";
			targets = (
				36C20F482C75E22400495D8F /* BMI */,
			);
		};
/* End PBXProject section */

/* Begin PBXResourcesBuildPhase section */
		36C20F472C75E22400495D8F /* Resources */ = {
			isa = PBXResourcesBuildPhase;
			buildActionMask = 2147483647;
			files = (
				36C20F562C75E22500495D8F /* Assets.xcassets in Resources */,
				36C20F592C75E22500495D8F /* Base in Resources */,
				36C20F542C75E22400495D8F /* Base in Resources */,
			);
			runOnlyForDeploymentPostprocessing = 0;
		};
/* End PBXResourcesBuildPhase section */

/* Begin PBXSourcesBuildPhase section */
		36C20F452C75E22400495D8F /* Sources */ = {
			isa = PBXSourcesBuildPhase;
			buildActionMask = 2147483647;
			files = (
				36C20F512C75E22400495D8F /* CalculateVC.swift in Sources */,
				36C20F612C75E26E00495D8F /* ResultVC.swift in Sources */,
				36C20F4D2C75E22400495D8F /* AppDelegate.swift in Sources */,
				36C20F652C75E40000495D8F /* CalculatorBrain.swift in Sources */,
				36C20F672C75E40A00495D8F /* BMI.swift in Sources */,
				36C20F4F2C75E22400495D8F /* SceneDelegate.swift in Sources */,
			);
			runOnlyForDeploymentPostprocessing = 0;
		};
/* End PBXSourcesBuildPhase section */

/* Begin PBXVariantGroup section */
		36C20F522C75E22400495D8F /* Main.storyboard */ = {
			isa = PBXVariantGroup;
			children = (
				36C20F532C75E22400495D8F /* Base */,
			);
			name = Main.storyboard;
			sourceTree = "<group>";
		};
		36C20F572C75E22500495D8F /* LaunchScreen.storyboard */ = {
			isa = PBXVariantGroup;
			children = (
				36C20F582C75E22500495D8F /* Base */,
			);
			name = LaunchScreen.storyboard;
			sourceTree = "<group>";
		};
/* End PBXVariantGroup section */

/* Begin XCBuildConfiguration section */
		36C20F5B2C75E22500495D8F /* Debug */ = {
			isa = XCBuildConfiguration;
			buildSettings = {
				ALWAYS_SEARCH_USER_PATHS = NO;
				ASSETCATALOG_COMPILER_GENERATE_SWIFT_ASSET_SYMBOL_EXTENSIONS = YES;
				CLANG_ANALYZER_NONNULL = YES;
				CLANG_ANALYZER_NUMBER_OBJECT_CONVERSION = YES_AGGRESSIVE;
				CLANG_CXX_LANGUAGE_STANDARD = "gnu++20";
				CLANG_ENABLE_MODULES = YES;
				CLANG_ENABLE_OBJC_ARC = YES;
				CLANG_ENABLE_OBJC_WEAK = YES;
				CLANG_WARN_BLOCK_CAPTURE_AUTORELEASING = YES;
				CLANG_WARN_BOOL_CONVERSION = YES;
				CLANG_WARN_COMMA = YES;
				CLANG_WARN_CONSTANT_CONVERSION = YES;
				CLANG_WARN_DEPRECATED_OBJC_IMPLEMENTATIONS = YES;
				CLANG_WARN_DIRECT_OBJC_ISA_USAGE = YES_ERROR;
				CLANG_WARN_DOCUMENTATION_COMMENTS = YES;
				CLANG_WARN_EMPTY_BODY = YES;
				CLANG_WARN_ENUM_CONVERSION = YES;
				CLANG_WARN_INFINITE_RECURSION = YES;
				CLANG_WARN_INT_CONVERSION = YES;
				CLANG_WARN_NON_LITERAL_NULL_CONVERSION = YES;
				CLANG_WARN_OBJC_IMPLICIT_RETAIN_SELF = YES;
				CLANG_WARN_OBJC_LITERAL_CONVERSION = YES;
				CLANG_WARN_OBJC_ROOT_CLASS = YES_ERROR;
				CLANG_WARN_QUOTED_INCLUDE_IN_FRAMEWORK_HEADER = YES;
				CLANG_WARN_RANGE_LOOP_ANALYSIS = YES;
				CLANG_WARN_STRICT_PROTOTYPES = YES;
				CLANG_WARN_SUSPICIOUS_MOVE = YES;
				CLANG_WARN_UNGUARDED_AVAILABILITY = YES_AGGRESSIVE;
				CLANG_WARN_UNREACHABLE_CODE = YES;
				CLANG_WARN__DUPLICATE_METHOD_MATCH = YES;
				COPY_PHASE_STRIP = NO;
				DEBUG_INFORMATION_FORMAT = dwarf;
				ENABLE_STRICT_OBJC_MSGSEND = YES;
				ENABLE_TESTABILITY = YES;
				ENABLE_USER_SCRIPT_SANDBOXING = YES;
				GCC_C_LANGUAGE_STANDARD = gnu17;
				GCC_DYNAMIC_NO_PIC = NO;
				GCC_NO_COMMON_BLOCKS = YES;
				GCC_OPTIMIZATION_LEVEL = 0;
				GCC_PREPROCESSOR_DEFINITIONS = (
					"DEBUG=1",
					"$(inherited)",
				);
				GCC_WARN_64_TO_32_BIT_CONVERSION = YES;
				GCC_WARN_ABOUT_RETURN_TYPE = YES_ERROR;
				GCC_WARN_UNDECLARED_SELECTOR = YES;
				GCC_WARN_UNINITIALIZED_AUTOS = YES_AGGRESSIVE;
				GCC_WARN_UNUSED_FUNCTION = YES;
				GCC_WARN_UNUSED_VARIABLE = YES;
				IPHONEOS_DEPLOYMENT_TARGET = 17.5;
				LOCALIZATION_PREFERS_STRING_CATALOGS = YES;
				MTL_ENABLE_DEBUG_INFO = INCLUDE_SOURCE;
				MTL_FAST_MATH = YES;
				ONLY_ACTIVE_ARCH = YES;
				SDKROOT = iphoneos;
				SWIFT_ACTIVE_COMPILATION_CONDITIONS = "DEBUG $(inherited)";
				SWIFT_OPTIMIZATION_LEVEL = "-Onone";
			};
			name = Debug;
		};
		36C20F5C2C75E22500495D8F /* Release */ = {
			isa = XCBuildConfiguration;
			buildSettings = {
				ALWAYS_SEARCH_USER_PATHS = NO;
				ASSETCATALOG_COMPILER_GENERATE_SWIFT_ASSET_SYMBOL_EXTENSIONS = YES;
				CLANG_ANALYZER_NONNULL = YES;
				CLANG_ANALYZER_NUMBER_OBJECT_CONVERSION = YES_AGGRESSIVE;
				CLANG_CXX_LANGUAGE_STANDARD = "gnu++20";
				CLANG_ENABLE_MODULES = YES;
				CLANG_ENABLE_OBJC_ARC = YES;
				CLANG_ENABLE_OBJC_WEAK = YES;
				CLANG_WARN_BLOCK_CAPTURE_AUTORELEASING = YES;
				CLANG_WARN_BOOL_CONVERSION = YES;
				CLANG_WARN_COMMA = YES;
				CLANG_WARN_CONSTANT_CONVERSION = YES;
				CLANG_WARN_DEPRECATED_OBJC_IMPLEMENTATIONS = YES;
				CLANG_WARN_DIRECT_OBJC_ISA_USAGE = YES_ERROR;
				CLANG_WARN_DOCUMENTATION_COMMENTS = YES;
				CLANG_WARN_EMPTY_BODY = YES;
				CLANG_WARN_ENUM_CONVERSION = YES;
				CLANG_WARN_INFINITE_RECURSION = YES;
				CLANG_WARN_INT_CONVERSION = YES;
				CLANG_WARN_NON_LITERAL_NULL_CONVERSION = YES;
				CLANG_WARN_OBJC_IMPLICIT_RETAIN_SELF = YES;
				CLANG_WARN_OBJC_LITERAL_CONVERSION = YES;
				CLANG_WARN_OBJC_ROOT_CLASS = YES_ERROR;
				CLANG_WARN_QUOTED_INCLUDE_IN_FRAMEWORK_HEADER = YES;
				CLANG_WARN_RANGE_LOOP_ANALYSIS = YES;
				CLANG_WARN_STRICT_PROTOTYPES = YES;
				CLANG_WARN_SUSPICIOUS_MOVE = YES;
				CLANG_WARN_UNGUARDED_AVAILABILITY = YES_AGGRESSIVE;
				CLANG_WARN_UNREACHABLE_CODE = YES;
				CLANG_WARN__DUPLICATE_METHOD_MATCH = YES;
				COPY_PHASE_STRIP = NO;
				DEBUG_INFORMATION_FORMAT = "dwarf-with-dsym";
				ENABLE_NS_ASSERTIONS = NO;
				ENABLE_STRICT_OBJC_MSGSEND = YES;
				ENABLE_USER_SCRIPT_SANDBOXING = YES;
				GCC_C_LANGUAGE_STANDARD = gnu17;
				GCC_NO_COMMON_BLOCKS = YES;
				GCC_WARN_64_TO_32_BIT_CONVERSION = YES;
				GCC_WARN_ABOUT_RETURN_TYPE = YES_ERROR;
				GCC_WARN_UNDECLARED_SELECTOR = YES;
				GCC_WARN_UNINITIALIZED_AUTOS = YES_AGGRESSIVE;
				GCC_WARN_UNUSED_FUNCTION = YES;
				GCC_WARN_UNUSED_VARIABLE = YES;
				IPHONEOS_DEPLOYMENT_TARGET = 17.5;
				LOCALIZATION_PREFERS_STRING_CATALOGS = YES;
				MTL_ENABLE_DEBUG_INFO = NO;
				MTL_FAST_MATH = YES;
				SDKROOT = iphoneos;
				SWIFT_COMPILATION_MODE = wholemodule;
				VALIDATE_PRODUCT = YES;
			};
			name = Release;
		};
		36C20F5E2C75E22500495D8F /* Debug */ = {
			isa = XCBuildConfiguration;
			buildSettings = {
				ASSETCATALOG_COMPILER_APPICON_NAME = AppIcon;
				ASSETCATALOG_COMPILER_GLOBAL_ACCENT_COLOR_NAME = AccentColor;
				CODE_SIGN_STYLE = Automatic;
				CURRENT_PROJECT_VERSION = 1;
				DEVELOPMENT_TEAM = 87GC95ST3X;
				GENERATE_INFOPLIST_FILE = YES;
				INFOPLIST_FILE = BMI/Info.plist;
				INFOPLIST_KEY_UIApplicationSupportsIndirectInputEvents = YES;
				INFOPLIST_KEY_UILaunchStoryboardName = LaunchScreen;
				INFOPLIST_KEY_UIMainStoryboardFile = Main;
				INFOPLIST_KEY_UISupportedInterfaceOrientations_iPad = "UIInterfaceOrientationPortrait UIInterfaceOrientationPortraitUpsideDown UIInterfaceOrientationLandscapeLeft UIInterfaceOrientationLandscapeRight";
				INFOPLIST_KEY_UISupportedInterfaceOrientations_iPhone = "UIInterfaceOrientationPortrait UIInterfaceOrientationLandscapeLeft UIInterfaceOrientationLandscapeRight";
				LD_RUNPATH_SEARCH_PATHS = (
					"$(inherited)",
					"@executable_path/Frameworks",
				);
				MARKETING_VERSION = 1.0;
				PRODUCT_BUNDLE_IDENTIFIER = com.cansonmez.BMI;
				PRODUCT_NAME = "$(TARGET_NAME)";
				SWIFT_EMIT_LOC_STRINGS = YES;
				SWIFT_VERSION = 5.0;
				TARGETED_DEVICE_FAMILY = "1,2";
			};
			name = Debug;
		};
		36C20F5F2C75E22500495D8F /* Release */ = {
			isa = XCBuildConfiguration;
			buildSettings = {
				ASSETCATALOG_COMPILER_APPICON_NAME = AppIcon;
				ASSETCATALOG_COMPILER_GLOBAL_ACCENT_COLOR_NAME = AccentColor;
				CODE_SIGN_STYLE = Automatic;
				CURRENT_PROJECT_VERSION = 1;
				DEVELOPMENT_TEAM = 87GC95ST3X;
				GENERATE_INFOPLIST_FILE = YES;
				INFOPLIST_FILE = BMI/Info.plist;
				INFOPLIST_KEY_UIApplicationSupportsIndirectInputEvents = YES;
				INFOPLIST_KEY_UILaunchStoryboardName = LaunchScreen;
				INFOPLIST_KEY_UIMainStoryboardFile = Main;
				INFOPLIST_KEY_UISupportedInterfaceOrientations_iPad = "UIInterfaceOrientationPortrait UIInterfaceOrientationPortraitUpsideDown UIInterfaceOrientationLandscapeLeft UIInterfaceOrientationLandscapeRight";
				INFOPLIST_KEY_UISupportedInterfaceOrientations_iPhone = "UIInterfaceOrientationPortrait UIInterfaceOrientationLandscapeLeft UIInterfaceOrientationLandscapeRight";
				LD_RUNPATH_SEARCH_PATHS = (
					"$(inherited)",
					"@executable_path/Frameworks",
				);
				MARKETING_VERSION = 1.0;
				PRODUCT_BUNDLE_IDENTIFIER = com.cansonmez.BMI;
				PRODUCT_NAME = "$(TARGET_NAME)";
				SWIFT_EMIT_LOC_STRINGS = YES;
				SWIFT_VERSION = 5.0;
				TARGETED_DEVICE_FAMILY = "1,2";
			};
			name = Release;
		};
/* End XCBuildConfiguration section */

/* Begin XCConfigurationList section */
		36C20F442C75E22400495D8F /* Build configuration list for PBXProject "BMI" */ = {
			isa = XCConfigurationList;
			buildConfigurations = (
				36C20F5B2C75E22500495D8F /* Debug */,
				36C20F5C2C75E22500495D8F /* Release */,
			);
			defaultConfigurationIsVisible = 0;
			defaultConfigurationName = Release;
		};
		36C20F5D2C75E22500495D8F /* Build configuration list for PBXNativeTarget "BMI" */ = {
			isa = XCConfigurationList;
			buildConfigurations = (
				36C20F5E2C75E22500495D8F /* Debug */,
				36C20F5F2C75E22500495D8F /* Release */,
			);
			defaultConfigurationIsVisible = 0;
			defaultConfigurationName = Release;
		};
/* End XCConfigurationList section */
	};
	rootObject = 36C20F412C75E22400495D8F /* Project object */;
}
